
Microsoft Visual Studio Solution File, Format Version 12.00
# Visual Studio 15
VisualStudioVersion = 15.0.28307.168
MinimumVisualStudioVersion = 10.0.40219.1
Project("{FAE04EC0-301F-11D3-BF4B-00C04F79EFBC}") = "SampleDotNetCoreApp", "SampleDotNetCoreApp\SampleDotNetCoreApp.csproj", "{6F61636E-4F3B-455B-9813-8BA6BE33EB3D}"
EndProject
Global
	GlobalSection(SolutionConfigurationPlatforms) = preSolution
		Debug|Any CPU = Debug|Any CPU
		Release|Any CPU = Release|Any CPU
	EndGlobalSection
	GlobalSection(ProjectConfigurationPlatforms) = postSolution
		{6F61636E-4F3B-455B-9813-8BA6BE33EB3D}.Debug|Any CPU.ActiveCfg = Debug|Any CPU
		{6F61636E-4F3B-455B-9813-8BA6BE33EB3D}.Debug|Any CPU.Build.0 = Debug|Any CPU
		{6F61636E-4F3B-455B-9813-8BA6BE33EB3D}.Release|Any CPU.ActiveCfg = Release|Any CPU
		{6F61636E-4F3B-455B-9813-8BA6BE33EB3D}.Release|Any CPU.Build.0 = Release|Any CPU
	EndGlobalSection
	GlobalSection(SolutionProperties) = preSolution
		HideSolutionNode = FALSE
	EndGlobalSection
	GlobalSection(ExtensibilityGlobals) = postSolution
		SolutionGuid = {B7AC126D-A366-4345-85C0-5FCD5825FE17}
	EndGlobalSection
EndGlobal
